
Microsoft Visual Studio Solution File, Format Version 12.00
# Visual Studio Version 17
VisualStudioVersion = 17.9.34310.174
MinimumVisualStudioVersion = 10.0.40219.1
Project("{FAE04EC0-301F-11D3-BF4B-00C04F79EFBC}") = "DataStructures_Algorithm", "DataStructures_Algorithm\DataStructures_Algorithm.csproj", "{167D1E67-9332-482E-A2CA-FAD0DA082BAB}"
EndProject
Global
	GlobalSection(SolutionConfigurationPlatforms) = preSolution
		Debug|Any CPU = Debug|Any CPU
		Release|Any CPU = Release|Any CPU
	EndGlobalSection
	GlobalSection(ProjectConfigurationPlatforms) = postSolution
		{167D1E67-9332-482E-A2CA-FAD0DA082BAB}.Debug|Any CPU.ActiveCfg = Debug|Any CPU
		{167D1E67-9332-482E-A2CA-FAD0DA082BAB}.Debug|Any CPU.Build.0 = Debug|Any CPU
		{167D1E67-9332-482E-A2CA-FAD0DA082BAB}.Release|Any CPU.ActiveCfg = Release|Any CPU
		{167D1E67-9332-482E-A2CA-FAD0DA082BAB}.Release|Any CPU.Build.0 = Release|Any CPU
	EndGlobalSection
	GlobalSection(SolutionProperties) = preSolution
		HideSolutionNode = FALSE
	EndGlobalSection
	GlobalSection(ExtensibilityGlobals) = postSolution
		SolutionGuid = {5B4143C5-02E6-45B0-A23D-BABC16777EF4}
	EndGlobalSection
EndGlobal
